
Microsoft Visual Studio Solution File, Format Version 12.00
# Visual Studio 14
VisualStudioVersion = 14.0.25420.1
MinimumVisualStudioVersion = 10.0.40219.1
Project("{FAE04EC0-301F-11D3-BF4B-00C04F79EFBC}") = "KinectSetup2", "KinectSetup2\KinectSetup2.csproj", "{28EF9D93-F85F-4673-9F77-4567C63659FA}"
EndProject
Project("{FAE04EC0-301F-11D3-BF4B-00C04F79EFBC}") = "Microsoft.Samples.Kinect.WpfViewers", "..\KinectWpfViewers\Microsoft.Samples.Kinect.WpfViewers.csproj", "{4DE23893-27E7-423F-9BB6-BA21DAC2C45E}"
EndProject
Global
	GlobalSection(SolutionConfigurationPlatforms) = preSolution
		Debug|Any CPU = Debug|Any CPU
		Debug|x64 = Debug|x64
		Release|Any CPU = Release|Any CPU
		Release|x64 = Release|x64
	EndGlobalSection
	GlobalSection(ProjectConfigurationPlatforms) = postSolution
		{28EF9D93-F85F-4673-9F77-4567C63659FA}.Debug|Any CPU.ActiveCfg = Debug|Any CPU
		{28EF9D93-F85F-4673-9F77-4567C63659FA}.Debug|Any CPU.Build.0 = Debug|Any CPU
		{28EF9D93-F85F-4673-9F77-4567C63659FA}.Debug|x64.ActiveCfg = Debug|x64
		{28EF9D93-F85F-4673-9F77-4567C63659FA}.Debug|x64.Build.0 = Debug|x64
		{28EF9D93-F85F-4673-9F77-4567C63659FA}.Release|Any CPU.ActiveCfg = Release|Any CPU
		{28EF9D93-F85F-4673-9F77-4567C63659FA}.Release|Any CPU.Build.0 = Release|Any CPU
		{28EF9D93-F85F-4673-9F77-4567C63659FA}.Release|x64.ActiveCfg = Release|x64
		{28EF9D93-F85F-4673-9F77-4567C63659FA}.Release|x64.Build.0 = Release|x64
		{4DE23893-27E7-423F-9BB6-BA21DAC2C45E}.Debug|Any CPU.ActiveCfg = Debug|Any CPU
		{4DE23893-27E7-423F-9BB6-BA21DAC2C45E}.Debug|Any CPU.Build.0 = Debug|Any CPU
		{4DE23893-27E7-423F-9BB6-BA21DAC2C45E}.Debug|x64.ActiveCfg = Debug|Any CPU
		{4DE23893-27E7-423F-9BB6-BA21DAC2C45E}.Release|Any CPU.ActiveCfg = Release|Any CPU
		{4DE23893-27E7-423F-9BB6-BA21DAC2C45E}.Release|Any CPU.Build.0 = Release|Any CPU
		{4DE23893-27E7-423F-9BB6-BA21DAC2C45E}.Release|x64.ActiveCfg = Release|Any CPU
	EndGlobalSection
	GlobalSection(SolutionProperties) = preSolution
		HideSolutionNode = FALSE
	EndGlobalSection
EndGlobal
